{
  "requires": true,
  "lockfileVersion": 1,
  "dependencies": {
    "@creativecommons/vocabulary": {
      "version": "1.0.0-beta.2",
      "resolved": "https://registry.npmjs.org/@creativecommons/vocabulary/-/vocabulary-1.0.0-beta.2.tgz",
      "integrity": "sha512-rNGOAxsUMmqNOCh+inmk5FDXtgVoEW6KRXIqDgaqy54ZJ9Hy7iMXtX3u9LuyWzOz9NC+dhlkzygpTLVVZrPE3A=="
    }
  }
}
